
Microsoft Visual Studio Solution File, Format Version 12.00
# Visual Studio Version 16
VisualStudioVersion = 16.0.29806.167
MinimumVisualStudioVersion = 10.0.40219.1
Project("{9A19103F-16F7-4668-BE54-9A1E7A4F7556}") = "DateingApp.API", "DateingApp.API\DateingApp.API.csproj", "{25175915-3F9B-4604-8C8B-BA351683D8BA}"
EndProject
Project("{9A19103F-16F7-4668-BE54-9A1E7A4F7556}") = "DatingApp.Model", "DatingApp.Model\DatingApp.Model.csproj", "{8944F0EF-4F77-4E8C-BF6A-938CBB36E0E5}"
EndProject
Project("{9A19103F-16F7-4668-BE54-9A1E7A4F7556}") = "DatingApp.Repository", "DatingApp.Repository\DatingApp.Repository.csproj", "{9B1ECB8B-2C0E-4559-8B89-94F3C81B4D70}"
EndProject
Project("{9A19103F-16F7-4668-BE54-9A1E7A4F7556}") = "Common.Injection", "Common.Injection\Common.Injection.csproj", "{A031FA81-A5CC-4FFA-9FBA-02C92BCF2E83}"
EndProject
Project("{FAE04EC0-301F-11D3-BF4B-00C04F79EFBC}") = "DatingApp.Mapper", "DatingApp.Mapper\DatingApp.Mapper.csproj", "{1FD950A4-CAEC-41CB-A320-2D989DB753E4}"
EndProject
Global
	GlobalSection(SolutionConfigurationPlatforms) = preSolution
		Debug|Any CPU = Debug|Any CPU
		Release|Any CPU = Release|Any CPU
	EndGlobalSection
	GlobalSection(ProjectConfigurationPlatforms) = postSolution
		{25175915-3F9B-4604-8C8B-BA351683D8BA}.Debug|Any CPU.ActiveCfg = Debug|Any CPU
		{25175915-3F9B-4604-8C8B-BA351683D8BA}.Debug|Any CPU.Build.0 = Debug|Any CPU
		{25175915-3F9B-4604-8C8B-BA351683D8BA}.Release|Any CPU.ActiveCfg = Release|Any CPU
		{25175915-3F9B-4604-8C8B-BA351683D8BA}.Release|Any CPU.Build.0 = Release|Any CPU
		{8944F0EF-4F77-4E8C-BF6A-938CBB36E0E5}.Debug|Any CPU.ActiveCfg = Debug|Any CPU
		{8944F0EF-4F77-4E8C-BF6A-938CBB36E0E5}.Debug|Any CPU.Build.0 = Debug|Any CPU
		{8944F0EF-4F77-4E8C-BF6A-938CBB36E0E5}.Release|Any CPU.ActiveCfg = Release|Any CPU
		{8944F0EF-4F77-4E8C-BF6A-938CBB36E0E5}.Release|Any CPU.Build.0 = Release|Any CPU
		{9B1ECB8B-2C0E-4559-8B89-94F3C81B4D70}.Debug|Any CPU.ActiveCfg = Debug|Any CPU
		{9B1ECB8B-2C0E-4559-8B89-94F3C81B4D70}.Debug|Any CPU.Build.0 = Debug|Any CPU
		{9B1ECB8B-2C0E-4559-8B89-94F3C81B4D70}.Release|Any CPU.ActiveCfg = Release|Any CPU
		{9B1ECB8B-2C0E-4559-8B89-94F3C81B4D70}.Release|Any CPU.Build.0 = Release|Any CPU
		{A031FA81-A5CC-4FFA-9FBA-02C92BCF2E83}.Debug|Any CPU.ActiveCfg = Debug|Any CPU
		{A031FA81-A5CC-4FFA-9FBA-02C92BCF2E83}.Debug|Any CPU.Build.0 = Debug|Any CPU
		{A031FA81-A5CC-4FFA-9FBA-02C92BCF2E83}.Release|Any CPU.ActiveCfg = Release|Any CPU
		{A031FA81-A5CC-4FFA-9FBA-02C92BCF2E83}.Release|Any CPU.Build.0 = Release|Any CPU
		{1FD950A4-CAEC-41CB-A320-2D989DB753E4}.Debug|Any CPU.ActiveCfg = Debug|Any CPU
		{1FD950A4-CAEC-41CB-A320-2D989DB753E4}.Debug|Any CPU.Build.0 = Debug|Any CPU
		{1FD950A4-CAEC-41CB-A320-2D989DB753E4}.Release|Any CPU.ActiveCfg = Release|Any CPU
		{1FD950A4-CAEC-41CB-A320-2D989DB753E4}.Release|Any CPU.Build.0 = Release|Any CPU
	EndGlobalSection
	GlobalSection(SolutionProperties) = preSolution
		HideSolutionNode = FALSE
	EndGlobalSection
	GlobalSection(ExtensibilityGlobals) = postSolution
		SolutionGuid = {EB0B27BF-53D1-4235-B9F0-AB4FA4536C54}
	EndGlobalSection
EndGlobal
